
Microsoft Visual Studio Solution File, Format Version 12.00
# Visual Studio 2013
VisualStudioVersion = 12.0.30501.0
MinimumVisualStudioVersion = 10.0.40219.1
Project("{FAE04EC0-301F-11D3-BF4B-00C04F79EFBC}") = "RecEngModel", "RecEngModel\RecEngModel.csproj", "{B92CAF5E-AD68-4498-80C9-5707E1513817}"
EndProject
Project("{FAE04EC0-301F-11D3-BF4B-00C04F79EFBC}") = "UnitTests", "UnitTestProject1\UnitTests.csproj", "{9C64805E-62E4-4DC7-B785-2AC124AD285B}"
EndProject
Project("{FAE04EC0-301F-11D3-BF4B-00C04F79EFBC}") = "View", "View\View.csproj", "{787F6407-EEB9-4FB7-8648-C37F8EAE9A7F}"
EndProject
Global
	GlobalSection(SolutionConfigurationPlatforms) = preSolution
		Debug|Any CPU = Debug|Any CPU
		Release|Any CPU = Release|Any CPU
	EndGlobalSection
	GlobalSection(ProjectConfigurationPlatforms) = postSolution
		{B92CAF5E-AD68-4498-80C9-5707E1513817}.Debug|Any CPU.ActiveCfg = Debug|Any CPU
		{B92CAF5E-AD68-4498-80C9-5707E1513817}.Debug|Any CPU.Build.0 = Debug|Any CPU
		{B92CAF5E-AD68-4498-80C9-5707E1513817}.Release|Any CPU.ActiveCfg = Release|Any CPU
		{B92CAF5E-AD68-4498-80C9-5707E1513817}.Release|Any CPU.Build.0 = Release|Any CPU
		{9C64805E-62E4-4DC7-B785-2AC124AD285B}.Debug|Any CPU.ActiveCfg = Debug|Any CPU
		{9C64805E-62E4-4DC7-B785-2AC124AD285B}.Debug|Any CPU.Build.0 = Debug|Any CPU
		{9C64805E-62E4-4DC7-B785-2AC124AD285B}.Release|Any CPU.ActiveCfg = Release|Any CPU
		{9C64805E-62E4-4DC7-B785-2AC124AD285B}.Release|Any CPU.Build.0 = Release|Any CPU
		{787F6407-EEB9-4FB7-8648-C37F8EAE9A7F}.Debug|Any CPU.ActiveCfg = Debug|Any CPU
		{787F6407-EEB9-4FB7-8648-C37F8EAE9A7F}.Debug|Any CPU.Build.0 = Debug|Any CPU
		{787F6407-EEB9-4FB7-8648-C37F8EAE9A7F}.Release|Any CPU.ActiveCfg = Release|Any CPU
		{787F6407-EEB9-4FB7-8648-C37F8EAE9A7F}.Release|Any CPU.Build.0 = Release|Any CPU
	EndGlobalSection
	GlobalSection(SolutionProperties) = preSolution
		HideSolutionNode = FALSE
	EndGlobalSection
EndGlobal
